# generated by rye
# use `rye lock` or `rye sync` to update this lockfile
#
# last locked with the following flags:
#   pre: false
#   features: []
#   all-features: false
#   with-sources: false
#   generate-hashes: false
#   universal: false

-e file:.
anyio==4.9.0
    # via watchfiles
beautifulsoup4==4.13.3
    # via sglavoie-com
blinker==1.9.0
    # via pelican
docutils==0.21.2
    # via pelican
feedgenerator==2.1.0
    # via pelican
ghp-import==2.1.0
    # via sglavoie-com
idna==3.10
    # via anyio
invoke==2.2.0
    # via sglavoie-com
jinja2==3.1.6
    # via pelican
livereload==2.7.1
    # via sglavoie-com
markdown==3.7
    # via sglavoie-com
markdown-it-py==3.0.0
    # via rich
markupsafe==3.0.2
    # via jinja2
mdurl==0.1.2
    # via markdown-it-py
ordered-set==4.1.0
    # via pelican
pelican==4.11.0
    # via pelican-render-math
    # via pelican-tag-cloud
    # via sglavoie-com
pelican-render-math==1.0.4
    # via sglavoie-com
pelican-tag-cloud==1.0.1
    # via sglavoie-com
pygments==2.18.0
    # via pelican
    # via rich
python-dateutil==2.9.0.post0
    # via ghp-import
    # via pelican
pytz==2025.2
    # via feedgenerator
rich==14.0.0
    # via pelican
six==1.17.0
    # via python-dateutil
smartypants==2.0.1
    # via typogrify
sniffio==1.3.1
    # via anyio
soupsieve==2.6
    # via beautifulsoup4
toml==0.10.2
    # via sglavoie-com
tornado==6.4.2
    # via livereload
typing-extensions==4.13.0
    # via anyio
    # via beautifulsoup4
typogrify==2.1.0
    # via sglavoie-com
unidecode==1.3.8
    # via pelican
watchfiles==1.0.4
    # via pelican
